// !$*UTF8*$!
{
	archiveVersion = 1;
	classes = {
	};
	objectVersion = 46;
	objects = {

/* Begin PBXBuildFile section */
		7F66F26B1B287E2000004273 /* AppDelegate.swift in Sources */ = {isa = PBXBuildFile; fileRef = 7F66F26A1B287E2000004273 /* AppDelegate.swift */; };
		7F66F26D1B287E2000004273 /* ViewController.swift in Sources */ = {isa = PBXBuildFile; fileRef = 7F66F26C1B287E2000004273 /* ViewController.swift */; };
		7F66F2701B287E2000004273 /* Main.storyboard in Resources */ = {isa = PBXBuildFile; fileRef = 7F66F26E1B287E2000004273 /* Main.storyboard */; };
		7F66F2721B287E2000004273 /* Images.xcassets in Resources */ = {isa = PBXBuildFile; fileRef = 7F66F2711B287E2000004273 /* Images.xcassets */; };
		7F66F2751B287E2000004273 /* LaunchScreen.xib in Resources */ = {isa = PBXBuildFile; fileRef = 7F66F2731B287E2000004273 /* LaunchScreen.xib */; };
		7F66F2811B287E2000004273 /* Cat_Age_CalculaterTests.swift in Sources */ = {isa = PBXBuildFile; fileRef = 7F66F2801B287E2000004273 /* Cat_Age_CalculaterTests.swift */; };
		7FE1A0E11B29D373002AA652 /* funny-cat-picture.jpg in Resources */ = {isa = PBXBuildFile; fileRef = 7FE1A0E01B29D373002AA652 /* funny-cat-picture.jpg */; };
/* End PBXBuildFile section */

/* Begin PBXContainerItemProxy section */
		7F66F27B1B287E2000004273 /* PBXContainerItemProxy */ = {
			isa = PBXContainerItemProxy;
			containerPortal = 7F66F25D1B287E2000004273 /* Project object */;
			proxyType = 1;
			remoteGlobalIDString = 7F66F2641B287E2000004273;
			remoteInfo = "Cat Age Calculater";
		};
/* End PBXContainerItemProxy section */

/* Begin PBXFileReference section */
		7F66F2651B287E2000004273 /* Cat Age Calculater.app */ = {isa = PBXFileReference; explicitFileType = wrapper.application; includeInIndex = 0; path = "Cat Age Calculater.app"; sourceTree = BUILT_PRODUCTS_DIR; };
		7F66F2691B287E2000004273 /* Info.plist */ = {isa = PBXFileReference; lastKnownFileType = text.plist.xml; path = Info.plist; sourceTree = "<group>"; };
		7F66F26A1B287E2000004273 /* AppDelegate.swift */ = {isa = PBXFileReference; lastKnownFileType = sourcecode.swift; path = AppDelegate.swift; sourceTree = "<group>"; };
		7F66F26C1B287E2000004273 /* ViewController.swift */ = {isa = PBXFileReference; lastKnownFileType = sourcecode.swift; path = ViewController.swift; sourceTree = "<group>"; };
		7F66F26F1B287E2000004273 /* Base */ = {isa = PBXFileReference; lastKnownFileType = file.storyboard; name = Base; path = Base.lproj/Main.storyboard; sourceTree = "<group>"; };
		7F66F2711B287E2000004273 /* Images.xcassets */ = {isa = PBXFileReference; lastKnownFileType = folder.assetcatalog; path = Images.xcassets; sourceTree = "<group>"; };
		7F66F2741B287E2000004273 /* Base */ = {isa = PBXFileReference; lastKnownFileType = file.xib; name = Base; path = Base.lproj/LaunchScreen.xib; sourceTree = "<group>"; };
		7F66F27A1B287E2000004273 /* Cat Age CalculaterTests.xctest */ = {isa = PBXFileReference; explicitFileType = wrapper.cfbundle; includeInIndex = 0; path = "Cat Age CalculaterTests.xctest"; sourceTree = BUILT_PRODUCTS_DIR; };
		7F66F27F1B287E2000004273 /* Info.plist */ = {isa = PBXFileReference; lastKnownFileType = text.plist.xml; path = Info.plist; sourceTree = "<group>"; };
		7F66F2801B287E2000004273 /* Cat_Age_CalculaterTests.swift */ = {isa = PBXFileReference; lastKnownFileType = sourcecode.swift; path = Cat_Age_CalculaterTests.swift; sourceTree = "<group>"; };
		7FE1A0E01B29D373002AA652 /* funny-cat-picture.jpg */ = {isa = PBXFileReference; lastKnownFileType = image.jpeg; path = "funny-cat-picture.jpg"; sourceTree = "<group>"; };
/* End PBXFileReference section */

/* Begin PBXFrameworksBuildPhase section */
		7F66F2621B287E2000004273 /* Frameworks */ = {
			isa = PBXFrameworksBuildPhase;
			buildActionMask = 2147483647;
			files = (
			);
			runOnlyForDeploymentPostprocessing = 0;
		};
		7F66F2771B287E2000004273 /* Frameworks */ = {
			isa = PBXFrameworksBuildPhase;
			buildActionMask = 2147483647;
			files = (
			);
			runOnlyForDeploymentPostprocessing = 0;
		};
/* End PBXFrameworksBuildPhase section */

/* Begin PBXGroup section */
		7F66F25C1B287E2000004273 = {
			isa = PBXGroup;
			children = (
				7F66F2671B287E2000004273 /* Cat Age Calculater */,
				7F66F27D1B287E2000004273 /* Cat Age CalculaterTests */,
				7F66F2661B287E2000004273 /* Products */,
			);
			sourceTree = "<group>";
		};
		7F66F2661B287E2000004273 /* Products */ = {
			isa = PBXGroup;
			children = (
				7F66F2651B287E2000004273 /* Cat Age Calculater.app */,
				7F66F27A1B287E2000004273 /* Cat Age CalculaterTests.xctest */,
			);
			name = Products;
			sourceTree = "<group>";
		};
		7F66F2671B287E2000004273 /* Cat Age Calculater */ = {
			isa = PBXGroup;
			children = (
				7F66F26A1B287E2000004273 /* AppDelegate.swift */,
				7F66F26C1B287E2000004273 /* ViewController.swift */,
				7F66F26E1B287E2000004273 /* Main.storyboard */,
				7FE1A0E01B29D373002AA652 /* funny-cat-picture.jpg */,
				7F66F2711B287E2000004273 /* Images.xcassets */,
				7F66F2731B287E2000004273 /* LaunchScreen.xib */,
				7F66F2681B287E2000004273 /* Supporting Files */,
			);
			path = "Cat Age Calculater";
			sourceTree = "<group>";
		};
		7F66F2681B287E2000004273 /* Supporting Files */ = {
			isa = PBXGroup;
			children = (
				7F66F2691B287E2000004273 /* Info.plist */,
			);
			name = "Supporting Files";
			sourceTree = "<group>";
		};
		7F66F27D1B287E2000004273 /* Cat Age CalculaterTests */ = {
			isa = PBXGroup;
			children = (
				7F66F2801B287E2000004273 /* Cat_Age_CalculaterTests.swift */,
				7F66F27E1B287E2000004273 /* Supporting Files */,
			);
			path = "Cat Age CalculaterTests";
			sourceTree = "<group>";
		};
		7F66F27E1B287E2000004273 /* Supporting Files */ = {
			isa = PBXGroup;
			children = (
				7F66F27F1B287E2000004273 /* Info.plist */,
			);
			name = "Supporting Files";
			sourceTree = "<group>";
		};
/* End PBXGroup section */

/* Begin PBXNativeTarget section */
		7F66F2641B287E2000004273 /* Cat Age Calculater */ = {
			isa = PBXNativeTarget;
			buildConfigurationList = 7F66F2841B287E2000004273 /* Build configuration list for PBXNativeTarget "Cat Age Calculater" */;
			buildPhases = (
				7F66F2611B287E2000004273 /* Sources */,
				7F66F2621B287E2000004273 /* Frameworks */,
				7F66F2631B287E2000004273 /* Resources */,
			);
			buildRules = (
			);
			dependencies = (
			);
			name = "Cat Age Calculater";
			productName = "Cat Age Calculater";
			productReference = 7F66F2651B287E2000004273 /* Cat Age Calculater.app */;
			productType = "com.apple.product-type.application";
		};
		7F66F2791B287E2000004273 /* Cat Age CalculaterTests */ = {
			isa = PBXNativeTarget;
			buildConfigurationList = 7F66F2871B287E2000004273 /* Build configuration list for PBXNativeTarget "Cat Age CalculaterTests" */;
			buildPhases = (
				7F66F2761B287E2000004273 /* Sources */,
				7F66F2771B287E2000004273 /* Frameworks */,
				7F66F2781B287E2000004273 /* Resources */,
			);
			buildRules = (
			);
			dependencies = (
				7F66F27C1B287E2000004273 /* PBXTargetDependency */,
			);
			name = "Cat Age CalculaterTests";
			productName = "Cat Age CalculaterTests";
			productReference = 7F66F27A1B287E2000004273 /* Cat Age CalculaterTests.xctest */;
			productType = "com.apple.product-type.bundle.unit-test";
		};
/* End PBXNativeTarget section */

/* Begin PBXProject section */
		7F66F25D1B287E2000004273 /* Project object */ = {
			isa = PBXProject;
			attributes = {
				LastUpgradeCheck = 0630;
				ORGANIZATIONNAME = "Jessica  Horner";
				TargetAttributes = {
					7F66F2641B287E2000004273 = {
						CreatedOnToolsVersion = 6.3.2;
					};
					7F66F2791B287E2000004273 = {
						CreatedOnToolsVersion = 6.3.2;
						TestTargetID = 7F66F2641B287E2000004273;
					};
				};
			};
			buildConfigurationList = 7F66F2601B287E2000004273 /* Build configuration list for PBXProject "Cat Age Calculater" */;
			compatibilityVersion = "Xcode 3.2";
			developmentRegion = English;
			hasScannedForEncodings = 0;
			knownRegions = (
				en,
				Base,
			);
			mainGroup = 7F66F25C1B287E2000004273;
			productRefGroup = 7F66F2661B287E2000004273 /* Products */;
			projectDirPath = "";
			projectRoot = "";
			targets = (
				7F66F2641B287E2000004273 /* Cat Age Calculater */,
				7F66F2791B287E2000004273 /* Cat Age CalculaterTests */,
			);
		};
/* End PBXProject section */

/* Begin PBXResourcesBuildPhase section */
		7F66F2631B287E2000004273 /* Resources */ = {
			isa = PBXResourcesBuildPhase;
			buildActionMask = 2147483647;
			files = (
				7F66F2701B287E2000004273 /* Main.storyboard in Resources */,
				7F66F2751B287E2000004273 /* LaunchScreen.xib in Resources */,
				7FE1A0E11B29D373002AA652 /* funny-cat-picture.jpg in Resources */,
				7F66F2721B287E2000004273 /* Images.xcassets in Resources */,
			);
			runOnlyForDeploymentPostprocessing = 0;
		};
		7F66F2781B287E2000004273 /* Resources */ = {
			isa = PBXResourcesBuildPhase;
			buildActionMask = 2147483647;
			files = (
			);
			runOnlyForDeploymentPostprocessing = 0;
		};
/* End PBXResourcesBuildPhase section */

/* Begin PBXSourcesBuildPhase section */
		7F66F2611B287E2000004273 /* Sources */ = {
			isa = PBXSourcesBuildPhase;
			buildActionMask = 2147483647;
			files = (
				7F66F26D1B287E2000004273 /* ViewController.swift in Sources */,
				7F66F26B1B287E2000004273 /* AppDelegate.swift in Sources */,
			);
			runOnlyForDeploymentPostprocessing = 0;
		};
		7F66F2761B287E2000004273 /* Sources */ = {
			isa = PBXSourcesBuildPhase;
			buildActionMask = 2147483647;
			files = (
				7F66F2811B287E2000004273 /* Cat_Age_CalculaterTests.swift in Sources */,
			);
			runOnlyForDeploymentPostprocessing = 0;
		};
/* End PBXSourcesBuildPhase section */

/* Begin PBXTargetDependency section */
		7F66F27C1B287E2000004273 /* PBXTargetDependency */ = {
			isa = PBXTargetDependency;
			target = 7F66F2641B287E2000004273 /* Cat Age Calculater */;
			targetProxy = 7F66F27B1B287E2000004273 /* PBXContainerItemProxy */;
		};
/* End PBXTargetDependency section */

/* Begin PBXVariantGroup section */
		7F66F26E1B287E2000004273 /* Main.storyboard */ = {
			isa = PBXVariantGroup;
			children = (
				7F66F26F1B287E2000004273 /* Base */,
			);
			name = Main.storyboard;
			sourceTree = "<group>";
		};
		7F66F2731B287E2000004273 /* LaunchScreen.xib */ = {
			isa = PBXVariantGroup;
			children = (
				7F66F2741B287E2000004273 /* Base */,
			);
			name = LaunchScreen.xib;
			sourceTree = "<group>";
		};
/* End PBXVariantGroup section */

/* Begin XCBuildConfiguration section */
		7F66F2821B287E2000004273 /* Debug */ = {
			isa = XCBuildConfiguration;
			buildSettings = {
				ALWAYS_SEARCH_USER_PATHS = NO;
				CLANG_CXX_LANGUAGE_STANDARD = "gnu++0x";
				CLANG_CXX_LIBRARY = "libc++";
				CLANG_ENABLE_MODULES = YES;
				CLANG_ENABLE_OBJC_ARC = YES;
				CLANG_WARN_BOOL_CONVERSION = YES;
				CLANG_WARN_CONSTANT_CONVERSION = YES;
				CLANG_WARN_DIRECT_OBJC_ISA_USAGE = YES_ERROR;
				CLANG_WARN_EMPTY_BODY = YES;
				CLANG_WARN_ENUM_CONVERSION = YES;
				CLANG_WARN_INT_CONVERSION = YES;
				CLANG_WARN_OBJC_ROOT_CLASS = YES_ERROR;
				CLANG_WARN_UNREACHABLE_CODE = YES;
				CLANG_WARN__DUPLICATE_METHOD_MATCH = YES;
				"CODE_SIGN_IDENTITY[sdk=iphoneos*]" = "iPhone Developer";
				COPY_PHASE_STRIP = NO;
				DEBUG_INFORMATION_FORMAT = "dwarf-with-dsym";
				ENABLE_STRICT_OBJC_MSGSEND = YES;
				GCC_C_LANGUAGE_STANDARD = gnu99;
				GCC_DYNAMIC_NO_PIC = NO;
				GCC_NO_COMMON_BLOCKS = YES;
				GCC_OPTIMIZATION_LEVEL = 0;
				GCC_PREPROCESSOR_DEFINITIONS = (
					"DEBUG=1",
					"$(inherited)",
				);
				GCC_SYMBOLS_PRIVATE_EXTERN = NO;
				GCC_WARN_64_TO_32_BIT_CONVERSION = YES;
				GCC_WARN_ABOUT_RETURN_TYPE = YES_ERROR;
				GCC_WARN_UNDECLARED_SELECTOR = YES;
				GCC_WARN_UNINITIALIZED_AUTOS = YES_AGGRESSIVE;
				GCC_WARN_UNUSED_FUNCTION = YES;
				GCC_WARN_UNUSED_VARIABLE = YES;
				IPHONEOS_DEPLOYMENT_TARGET = 8.3;
				MTL_ENABLE_DEBUG_INFO = YES;
				ONLY_ACTIVE_ARCH = YES;
				SDKROOT = iphoneos;
				SWIFT_OPTIMIZATION_LEVEL = "-Onone";
				TARGETED_DEVICE_FAMILY = "1,2";
			};
			name = Debug;
		};
		7F66F2831B287E2000004273 /* Release */ = {
			isa = XCBuildConfiguration;
			buildSettings = {
				ALWAYS_SEARCH_USER_PATHS = NO;
				CLANG_CXX_LANGUAGE_STANDARD = "gnu++0x";
				CLANG_CXX_LIBRARY = "libc++";
				CLANG_ENABLE_MODULES = YES;
				CLANG_ENABLE_OBJC_ARC = YES;
				CLANG_WARN_BOOL_CONVERSION = YES;
				CLANG_WARN_CONSTANT_CONVERSION = YES;
				CLANG_WARN_DIRECT_OBJC_ISA_USAGE = YES_ERROR;
				CLANG_WARN_EMPTY_BODY = YES;
				CLANG_WARN_ENUM_CONVERSION = YES;
				CLANG_WARN_INT_CONVERSION = YES;
				CLANG_WARN_OBJC_ROOT_CLASS = YES_ERROR;
				CLANG_WARN_UNREACHABLE_CODE = YES;
				CLANG_WARN__DUPLICATE_METHOD_MATCH = YES;
				"CODE_SIGN_IDENTITY[sdk=iphoneos*]" = "iPhone Developer";
				COPY_PHASE_STRIP = NO;
				DEBUG_INFORMATION_FORMAT = "dwarf-with-dsym";
				ENABLE_NS_ASSERTIONS = NO;
				ENABLE_STRICT_OBJC_MSGSEND = YES;
				GCC_C_LANGUAGE_STANDARD = gnu99;
				GCC_NO_COMMON_BLOCKS = YES;
				GCC_WARN_64_TO_32_BIT_CONVERSION = YES;
				GCC_WARN_ABOUT_RETURN_TYPE = YES_ERROR;
				GCC_WARN_UNDECLARED_SELECTOR = YES;
				GCC_WARN_UNINITIALIZED_AUTOS = YES_AGGRESSIVE;
				GCC_WARN_UNUSED_FUNCTION = YES;
				GCC_WARN_UNUSED_VARIABLE = YES;
				IPHONEOS_DEPLOYMENT_TARGET = 8.3;
				MTL_ENABLE_DEBUG_INFO = NO;
				SDKROOT = iphoneos;
				TARGETED_DEVICE_FAMILY = "1,2";
				VALIDATE_PRODUCT = YES;
			};
			name = Release;
		};
		7F66F2851B287E2000004273 /* Debug */ = {
			isa = XCBuildConfiguration;
			buildSettings = {
				ASSETCATALOG_COMPILER_APPICON_NAME = AppIcon;
				INFOPLIST_FILE = "Cat Age Calculater/Info.plist";
				LD_RUNPATH_SEARCH_PATHS = "$(inherited) @executable_path/Frameworks";
				PRODUCT_NAME = "$(TARGET_NAME)";
			};
			name = Debug;
		};
		7F66F2861B287E2000004273 /* Release */ = {
			isa = XCBuildConfiguration;
			buildSettings = {
				ASSETCATALOG_COMPILER_APPICON_NAME = AppIcon;
				INFOPLIST_FILE = "Cat Age Calculater/Info.plist";
				LD_RUNPATH_SEARCH_PATHS = "$(inherited) @executable_path/Frameworks";
				PRODUCT_NAME = "$(TARGET_NAME)";
			};
			name = Release;
		};
		7F66F2881B287E2000004273 /* Debug */ = {
			isa = XCBuildConfiguration;
			buildSettings = {
				BUNDLE_LOADER = "$(TEST_HOST)";
				FRAMEWORK_SEARCH_PATHS = (
					"$(SDKROOT)/Developer/Library/Frameworks",
					"$(inherited)",
				);
				GCC_PREPROCESSOR_DEFINITIONS = (
					"DEBUG=1",
					"$(inherited)",
				);
				INFOPLIST_FILE = "Cat Age CalculaterTests/Info.plist";
				LD_RUNPATH_SEARCH_PATHS = "$(inherited) @executable_path/Frameworks @loader_path/Frameworks";
				PRODUCT_NAME = "$(TARGET_NAME)";
				TEST_HOST = "$(BUILT_PRODUCTS_DIR)/Cat Age Calculater.app/Cat Age Calculater";
			};
			name = Debug;
		};
		7F66F2891B287E2000004273 /* Release */ = {
			isa = XCBuildConfiguration;
			buildSettings = {
				BUNDLE_LOADER = "$(TEST_HOST)";
				FRAMEWORK_SEARCH_PATHS = (
					"$(SDKROOT)/Developer/Library/Frameworks",
					"$(inherited)",
				);
				INFOPLIST_FILE = "Cat Age CalculaterTests/Info.plist";
				LD_RUNPATH_SEARCH_PATHS = "$(inherited) @executable_path/Frameworks @loader_path/Frameworks";
				PRODUCT_NAME = "$(TARGET_NAME)";
				TEST_HOST = "$(BUILT_PRODUCTS_DIR)/Cat Age Calculater.app/Cat Age Calculater";
			};
			name = Release;
		};
/* End XCBuildConfiguration section */

/* Begin XCConfigurationList section */
		7F66F2601B287E2000004273 /* Build configuration list for PBXProject "Cat Age Calculater" */ = {
			isa = XCConfigurationList;
			buildConfigurations = (
				7F66F2821B287E2000004273 /* Debug */,
				7F66F2831B287E2000004273 /* Release */,
			);
			defaultConfigurationIsVisible = 0;
			defaultConfigurationName = Release;
		};
		7F66F2841B287E2000004273 /* Build configuration list for PBXNativeTarget "Cat Age Calculater" */ = {
			isa = XCConfigurationList;
			buildConfigurations = (
				7F66F2851B287E2000004273 /* Debug */,
				7F66F2861B287E2000004273 /* Release */,
			);
			defaultConfigurationIsVisible = 0;
			defaultConfigurationName = Release;
		};
		7F66F2871B287E2000004273 /* Build configuration list for PBXNativeTarget "Cat Age CalculaterTests" */ = {
			isa = XCConfigurationList;
			buildConfigurations = (
				7F66F2881B287E2000004273 /* Debug */,
				7F66F2891B287E2000004273 /* Release */,
			);
			defaultConfigurationIsVisible = 0;
			defaultConfigurationName = Release;
		};
/* End XCConfigurationList section */
	};
	rootObject = 7F66F25D1B287E2000004273 /* Project object */;
}
